
Microsoft Visual Studio Solution File, Format Version 12.00
# Visual Studio Version 17
VisualStudioVersion = 17.0.31903.59
MinimumVisualStudioVersion = 10.0.40219.1
Project("{2150E333-8FDC-42A3-9474-1A3956D46DE8}") = "src", "src", "{827E0CD3-B72D-47B6-A68D-7590B98EB39B}"
EndProject
Project("{FAE04EC0-301F-11D3-BF4B-00C04F79EFBC}") = "ChessEngine", "src\ChessEngine\ChessEngine.csproj", "{EC761848-CAF7-4B8A-99E3-4505A5F99253}"
EndProject
Project("{FAE04EC0-301F-11D3-BF4B-00C04F79EFBC}") = "ChessEngine.Cli", "src\ChessEngine.Cli\ChessEngine.Cli.csproj", "{B30781E8-D8A0-466C-A4EF-1F7F8E3A43EE}"
EndProject
Project("{2150E333-8FDC-42A3-9474-1A3956D46DE8}") = "tests", "tests", "{0AB3BF05-4346-4AA6-1389-037BE0695223}"
EndProject
Project("{FAE04EC0-301F-11D3-BF4B-00C04F79EFBC}") = "ChessEngine.Tests", "tests\ChessEngine.Tests\ChessEngine.Tests.csproj", "{894D3C93-2484-412A-94FE-C81C54EAF215}"
EndProject
Global
	GlobalSection(SolutionConfigurationPlatforms) = preSolution
		Debug|Any CPU = Debug|Any CPU
		Debug|x64 = Debug|x64
		Debug|x86 = Debug|x86
		Release|Any CPU = Release|Any CPU
		Release|x64 = Release|x64
		Release|x86 = Release|x86
	EndGlobalSection
	GlobalSection(ProjectConfigurationPlatforms) = postSolution
		{EC761848-CAF7-4B8A-99E3-4505A5F99253}.Debug|Any CPU.ActiveCfg = Debug|Any CPU
		{EC761848-CAF7-4B8A-99E3-4505A5F99253}.Debug|Any CPU.Build.0 = Debug|Any CPU
		{EC761848-CAF7-4B8A-99E3-4505A5F99253}.Debug|x64.ActiveCfg = Debug|Any CPU
		{EC761848-CAF7-4B8A-99E3-4505A5F99253}.Debug|x64.Build.0 = Debug|Any CPU
		{EC761848-CAF7-4B8A-99E3-4505A5F99253}.Debug|x86.ActiveCfg = Debug|Any CPU
		{EC761848-CAF7-4B8A-99E3-4505A5F99253}.Debug|x86.Build.0 = Debug|Any CPU
		{EC761848-CAF7-4B8A-99E3-4505A5F99253}.Release|Any CPU.ActiveCfg = Release|Any CPU
		{EC761848-CAF7-4B8A-99E3-4505A5F99253}.Release|Any CPU.Build.0 = Release|Any CPU
		{EC761848-CAF7-4B8A-99E3-4505A5F99253}.Release|x64.ActiveCfg = Release|Any CPU
		{EC761848-CAF7-4B8A-99E3-4505A5F99253}.Release|x64.Build.0 = Release|Any CPU
		{EC761848-CAF7-4B8A-99E3-4505A5F99253}.Release|x86.ActiveCfg = Release|Any CPU
		{EC761848-CAF7-4B8A-99E3-4505A5F99253}.Release|x86.Build.0 = Release|Any CPU
		{B30781E8-D8A0-466C-A4EF-1F7F8E3A43EE}.Debug|Any CPU.ActiveCfg = Debug|Any CPU
		{B30781E8-D8A0-466C-A4EF-1F7F8E3A43EE}.Debug|Any CPU.Build.0 = Debug|Any CPU
		{B30781E8-D8A0-466C-A4EF-1F7F8E3A43EE}.Debug|x64.ActiveCfg = Debug|Any CPU
		{B30781E8-D8A0-466C-A4EF-1F7F8E3A43EE}.Debug|x64.Build.0 = Debug|Any CPU
		{B30781E8-D8A0-466C-A4EF-1F7F8E3A43EE}.Debug|x86.ActiveCfg = Debug|Any CPU
		{B30781E8-D8A0-466C-A4EF-1F7F8E3A43EE}.Debug|x86.Build.0 = Debug|Any CPU
		{B30781E8-D8A0-466C-A4EF-1F7F8E3A43EE}.Release|Any CPU.ActiveCfg = Release|Any CPU
		{B30781E8-D8A0-466C-A4EF-1F7F8E3A43EE}.Release|Any CPU.Build.0 = Release|Any CPU
		{B30781E8-D8A0-466C-A4EF-1F7F8E3A43EE}.Release|x64.ActiveCfg = Release|Any CPU
		{B30781E8-D8A0-466C-A4EF-1F7F8E3A43EE}.Release|x64.Build.0 = Release|Any CPU
		{B30781E8-D8A0-466C-A4EF-1F7F8E3A43EE}.Release|x86.ActiveCfg = Release|Any CPU
		{B30781E8-D8A0-466C-A4EF-1F7F8E3A43EE}.Release|x86.Build.0 = Release|Any CPU
		{894D3C93-2484-412A-94FE-C81C54EAF215}.Debug|Any CPU.ActiveCfg = Debug|Any CPU
		{894D3C93-2484-412A-94FE-C81C54EAF215}.Debug|Any CPU.Build.0 = Debug|Any CPU
		{894D3C93-2484-412A-94FE-C81C54EAF215}.Debug|x64.ActiveCfg = Debug|Any CPU
		{894D3C93-2484-412A-94FE-C81C54EAF215}.Debug|x64.Build.0 = Debug|Any CPU
		{894D3C93-2484-412A-94FE-C81C54EAF215}.Debug|x86.ActiveCfg = Debug|Any CPU
		{894D3C93-2484-412A-94FE-C81C54EAF215}.Debug|x86.Build.0 = Debug|Any CPU
		{894D3C93-2484-412A-94FE-C81C54EAF215}.Release|Any CPU.ActiveCfg = Release|Any CPU
		{894D3C93-2484-412A-94FE-C81C54EAF215}.Release|Any CPU.Build.0 = Release|Any CPU
		{894D3C93-2484-412A-94FE-C81C54EAF215}.Release|x64.ActiveCfg = Release|Any CPU
		{894D3C93-2484-412A-94FE-C81C54EAF215}.Release|x64.Build.0 = Release|Any CPU
		{894D3C93-2484-412A-94FE-C81C54EAF215}.Release|x86.ActiveCfg = Release|Any CPU
		{894D3C93-2484-412A-94FE-C81C54EAF215}.Release|x86.Build.0 = Release|Any CPU
	EndGlobalSection
	GlobalSection(SolutionProperties) = preSolution
		HideSolutionNode = FALSE
	EndGlobalSection
	GlobalSection(NestedProjects) = preSolution
		{EC761848-CAF7-4B8A-99E3-4505A5F99253} = {827E0CD3-B72D-47B6-A68D-7590B98EB39B}
		{B30781E8-D8A0-466C-A4EF-1F7F8E3A43EE} = {827E0CD3-B72D-47B6-A68D-7590B98EB39B}
		{894D3C93-2484-412A-94FE-C81C54EAF215} = {0AB3BF05-4346-4AA6-1389-037BE0695223}
	EndGlobalSection
EndGlobal
